
Microsoft Visual Studio Solution File, Format Version 12.00
# Visual Studio 15
Project("{FAE04EC0-301F-11D3-BF4B-00C04F79EFBC}") = "Assembly-CSharp", "Assembly-CSharp.csproj", "{5790DB2F-6D14-60F9-6327-6A4F67A8139C}"
EndProject
Global
	GlobalSection(SolutionConfigurationPlatforms) = preSolution
		Debug|Any CPU = Debug|Any CPU
		Release|Any CPU = Release|Any CPU
	EndGlobalSection
	GlobalSection(ProjectConfigurationPlatforms) = postSolution
		{5790DB2F-6D14-60F9-6327-6A4F67A8139C}.Debug|Any CPU.ActiveCfg = Debug|Any CPU
		{5790DB2F-6D14-60F9-6327-6A4F67A8139C}.Debug|Any CPU.Build.0 = Debug|Any CPU
		{5790DB2F-6D14-60F9-6327-6A4F67A8139C}.Release|Any CPU.ActiveCfg = Release|Any CPU
		{5790DB2F-6D14-60F9-6327-6A4F67A8139C}.Release|Any CPU.Build.0 = Release|Any CPU
	EndGlobalSection
	GlobalSection(SolutionProperties) = preSolution
		HideSolutionNode = FALSE
	EndGlobalSection
EndGlobal
